// !$*UTF8*$!
{
	archiveVersion = 1;
	classes = {
	};
	objectVersion = 52;
	objects = {

/* Begin PBXBuildFile section */
		2419224D246DED500090A21C /* LocalizeTextVM.swift in Sources */ = {isa = PBXBuildFile; fileRef = 2419224C246DED500090A21C /* LocalizeTextVM.swift */; };
		2419224F246EAECA0090A21C /* SharingService.swift in Sources */ = {isa = PBXBuildFile; fileRef = 2419224E246EAECA0090A21C /* SharingService.swift */; };
		24192250246EAECA0090A21C /* SharingService.swift in Sources */ = {isa = PBXBuildFile; fileRef = 2419224E246EAECA0090A21C /* SharingService.swift */; };
		24192252246EB1030090A21C /* DataProvider.swift in Sources */ = {isa = PBXBuildFile; fileRef = 24192251246EB1030090A21C /* DataProvider.swift */; };
		24192254246EB3510090A21C /* FileService.swift in Sources */ = {isa = PBXBuildFile; fileRef = 24192253246EB3510090A21C /* FileService.swift */; };
		24192255246EB5F00090A21C /* DataProvider.swift in Sources */ = {isa = PBXBuildFile; fileRef = 24192251246EB1030090A21C /* DataProvider.swift */; };
		24192256246EB5F50090A21C /* UserDefaultsService.swift in Sources */ = {isa = PBXBuildFile; fileRef = 24710822244F4B010068A847 /* UserDefaultsService.swift */; };
		24192257246ED2A70090A21C /* FileService.swift in Sources */ = {isa = PBXBuildFile; fileRef = 24192253246EB3510090A21C /* FileService.swift */; };
		241EBD542419FE610089A32B /* ColumnView.swift in Sources */ = {isa = PBXBuildFile; fileRef = 241EBD532419FE610089A32B /* ColumnView.swift */; };
		2443AED5241A0762009DDCEB /* ColumnVM.swift in Sources */ = {isa = PBXBuildFile; fileRef = 2443AED4241A0762009DDCEB /* ColumnVM.swift */; };
		2443AED8241A1665009DDCEB /* AnyTransitionExt.swift in Sources */ = {isa = PBXBuildFile; fileRef = 2443AED7241A1665009DDCEB /* AnyTransitionExt.swift */; };
		2443AEDA241A1CA2009DDCEB /* CustomButton.swift in Sources */ = {isa = PBXBuildFile; fileRef = 2443AED9241A1CA2009DDCEB /* CustomButton.swift */; };
		2454F871242CB4EA001AA9EE /* ThirdView.swift in Sources */ = {isa = PBXBuildFile; fileRef = 2454F870242CB4EA001AA9EE /* ThirdView.swift */; };
		2454F873242CB732001AA9EE /* ImageExt.swift in Sources */ = {isa = PBXBuildFile; fileRef = 2454F872242CB732001AA9EE /* ImageExt.swift */; };
		2454F8E5242CD422001AA9EE /* Badge.swift in Sources */ = {isa = PBXBuildFile; fileRef = 2454F8E4242CD422001AA9EE /* Badge.swift */; };
		2454F8E7242CD9C1001AA9EE /* StretchyHeader.swift in Sources */ = {isa = PBXBuildFile; fileRef = 2454F8E6242CD9C1001AA9EE /* StretchyHeader.swift */; };
		245573AA240F698B00B6CDDB /* FirstView.swift in Sources */ = {isa = PBXBuildFile; fileRef = 245573A9240F698B00B6CDDB /* FirstView.swift */; };
		245573AC240F699D00B6CDDB /* SecondView.swift in Sources */ = {isa = PBXBuildFile; fileRef = 245573AB240F699D00B6CDDB /* SecondView.swift */; };
		245573AE240F721A00B6CDDB /* ProductVM.swift in Sources */ = {isa = PBXBuildFile; fileRef = 245573AD240F721A00B6CDDB /* ProductVM.swift */; };
		245573B5240F7D3F00B6CDDB /* DetailInfo.swift in Sources */ = {isa = PBXBuildFile; fileRef = 245573B4240F7D3F00B6CDDB /* DetailInfo.swift */; };
		245573B8240F8EC300B6CDDB /* LazyView.swift in Sources */ = {isa = PBXBuildFile; fileRef = 245573B7240F8EC300B6CDDB /* LazyView.swift */; };
		2466DD4A24326D4C009F2FC4 /* AnimatingDiagram.swift in Sources */ = {isa = PBXBuildFile; fileRef = 2466DD4924326D4C009F2FC4 /* AnimatingDiagram.swift */; };
		2466DD4D24326E46009F2FC4 /* PathDiagram.swift in Sources */ = {isa = PBXBuildFile; fileRef = 2466DD4C24326E46009F2FC4 /* PathDiagram.swift */; };
		2466DD4F24326E93009F2FC4 /* DiagramEffect.swift in Sources */ = {isa = PBXBuildFile; fileRef = 2466DD4E24326E93009F2FC4 /* DiagramEffect.swift */; };
		2466DD51243271A9009F2FC4 /* AnimatingServiceLocator.swift in Sources */ = {isa = PBXBuildFile; fileRef = 2466DD50243271A9009F2FC4 /* AnimatingServiceLocator.swift */; };
		2466DD532432754D009F2FC4 /* TapAnimatig.swift in Sources */ = {isa = PBXBuildFile; fileRef = 2466DD522432754D009F2FC4 /* TapAnimatig.swift */; };
		24710823244F4B010068A847 /* UserDefaultsService.swift in Sources */ = {isa = PBXBuildFile; fileRef = 24710822244F4B010068A847 /* UserDefaultsService.swift */; };
		24710825244F4B1B0068A847 /* DBService.swift in Sources */ = {isa = PBXBuildFile; fileRef = 24710824244F4B1B0068A847 /* DBService.swift */; };
		247CC436246D6FFD00205319 /* ShareVC.swift in Sources */ = {isa = PBXBuildFile; fileRef = 247CC435246D6FFD00205319 /* ShareVC.swift */; };
		2484CC9B246ADC1B00C59D56 /* KingfisherSwiftUI in Frameworks */ = {isa = PBXBuildFile; productRef = 2484CC9A246ADC1B00C59D56 /* KingfisherSwiftUI */; };
		2484CC9E246AFA7100C59D56 /* ValidateINN.swift in Sources */ = {isa = PBXBuildFile; fileRef = 2484CC9D246AFA7100C59D56 /* ValidateINN.swift */; };
		2484CCA0246B000900C59D56 /* StringExt.swift in Sources */ = {isa = PBXBuildFile; fileRef = 2484CC9F246B000900C59D56 /* StringExt.swift */; };
		2484CCAF246BCC0000C59D56 /* OTUS-Share.appex in Embed App Extensions */ = {isa = PBXBuildFile; fileRef = 2484CCA5246BCC0000C59D56 /* OTUS-Share.appex */; settings = {ATTRIBUTES = (RemoveHeadersOnCopy, ); }; };
		2484CD4E246C90BE00C59D56 /* LocalizeTextView.swift in Sources */ = {isa = PBXBuildFile; fileRef = 2484CD4D246C90BE00C59D56 /* LocalizeTextView.swift */; };
		248A39A7243DA51F007E8E23 /* AnimeAPI.swift in Sources */ = {isa = PBXBuildFile; fileRef = 248A39A6243DA51F007E8E23 /* AnimeAPI.swift */; };
		2498113624598A180069C553 /* ServiceLocator in Frameworks */ = {isa = PBXBuildFile; productRef = 2498113524598A180069C553 /* ServiceLocator */; };
		249C4DF22421FE7300925F96 /* JSONEncodingHelper.swift in Sources */ = {isa = PBXBuildFile; fileRef = 249C4DE12421FE7300925F96 /* JSONEncodingHelper.swift */; };
		249C4DF32421FE7300925F96 /* Configuration.swift in Sources */ = {isa = PBXBuildFile; fileRef = 249C4DE22421FE7300925F96 /* Configuration.swift */; };
		249C4DF42421FE7300925F96 /* SynchronizedDictionary.swift in Sources */ = {isa = PBXBuildFile; fileRef = 249C4DE32421FE7300925F96 /* SynchronizedDictionary.swift */; };
		249C4DF52421FE7300925F96 /* Extensions.swift in Sources */ = {isa = PBXBuildFile; fileRef = 249C4DE42421FE7300925F96 /* Extensions.swift */; };
		249C4DF62421FE7300925F96 /* SearchAnimeAPI.swift in Sources */ = {isa = PBXBuildFile; fileRef = 249C4DE62421FE7300925F96 /* SearchAnimeAPI.swift */; };
		249C4DF72421FE7300925F96 /* APIs.swift in Sources */ = {isa = PBXBuildFile; fileRef = 249C4DE72421FE7300925F96 /* APIs.swift */; };
		249C4DF82421FE7300925F96 /* CodableHelper.swift in Sources */ = {isa = PBXBuildFile; fileRef = 249C4DE82421FE7300925F96 /* CodableHelper.swift */; };
		249C4DF92421FE7300925F96 /* ProductList.swift in Sources */ = {isa = PBXBuildFile; fileRef = 249C4DEA2421FE7300925F96 /* ProductList.swift */; };
		249C4DFA2421FE7300925F96 /* ErrorModel.swift in Sources */ = {isa = PBXBuildFile; fileRef = 249C4DEB2421FE7300925F96 /* ErrorModel.swift */; };
		249C4DFB2421FE7300925F96 /* Product.swift in Sources */ = {isa = PBXBuildFile; fileRef = 249C4DEC2421FE7300925F96 /* Product.swift */; };
		249C4DFC2421FE7300925F96 /* APIHelper.swift in Sources */ = {isa = PBXBuildFile; fileRef = 249C4DED2421FE7300925F96 /* APIHelper.swift */; };
		249C4DFD2421FE7300925F96 /* URLSessionImplementations.swift in Sources */ = {isa = PBXBuildFile; fileRef = 249C4DEE2421FE7300925F96 /* URLSessionImplementations.swift */; };
		249C4DFE2421FE7300925F96 /* Models.swift in Sources */ = {isa = PBXBuildFile; fileRef = 249C4DEF2421FE7300925F96 /* Models.swift */; };
		249C4DFF2421FE7300925F96 /* JSONDataEncoding.swift in Sources */ = {isa = PBXBuildFile; fileRef = 249C4DF02421FE7300925F96 /* JSONDataEncoding.swift */; };
		249C4E002421FE7300925F96 /* OpenISO8601DateFormatter.swift in Sources */ = {isa = PBXBuildFile; fileRef = 249C4DF12421FE7300925F96 /* OpenISO8601DateFormatter.swift */; };
		249C4E022422066000925F96 /* RandomAccessCollectionExt.swift in Sources */ = {isa = PBXBuildFile; fileRef = 249C4E012422066000925F96 /* RandomAccessCollectionExt.swift */; };
		249C4E0924224BEC00925F96 /* ColorExt.swift in Sources */ = {isa = PBXBuildFile; fileRef = 249C4E0824224BEC00925F96 /* ColorExt.swift */; };
		249C4E0B2422849D00925F96 /* Spiner.swift in Sources */ = {isa = PBXBuildFile; fileRef = 249C4E0A2422849D00925F96 /* Spiner.swift */; };
		24AD81F82446FFA0004C4EC1 /* Cache.swift in Sources */ = {isa = PBXBuildFile; fileRef = 24AD81F72446FFA0004C4EC1 /* Cache.swift */; };
		24CCC5CE241F5BF900A5528A /* NavController.swift in Sources */ = {isa = PBXBuildFile; fileRef = 24CCC5CD241F5BF900A5528A /* NavController.swift */; };
		24CCC5D0241F5C3B00A5528A /* NavPushButton.swift in Sources */ = {isa = PBXBuildFile; fileRef = 24CCC5CF241F5C3B00A5528A /* NavPushButton.swift */; };
		24CCC5D2241F5C7600A5528A /* NavPopButton.swift in Sources */ = {isa = PBXBuildFile; fileRef = 24CCC5D1241F5C7600A5528A /* NavPopButton.swift */; };
		24CCC5D4241F5D0700A5528A /* NavVM.swift in Sources */ = {isa = PBXBuildFile; fileRef = 24CCC5D3241F5D0700A5528A /* NavVM.swift */; };
		24DE27C5243C42F1002D8B00 /* FilteringString.swift in Sources */ = {isa = PBXBuildFile; fileRef = 24DE27C4243C42F1002D8B00 /* FilteringString.swift */; };
		24DF7775240E327700D80C8E /* AppDelegate.swift in Sources */ = {isa = PBXBuildFile; fileRef = 24DF7774240E327700D80C8E /* AppDelegate.swift */; };
		24DF7777240E327700D80C8E /* SceneDelegate.swift in Sources */ = {isa = PBXBuildFile; fileRef = 24DF7776240E327700D80C8E /* SceneDelegate.swift */; };
		24DF7779240E327700D80C8E /* ContentView.swift in Sources */ = {isa = PBXBuildFile; fileRef = 24DF7778240E327700D80C8E /* ContentView.swift */; };
		24DF777B240E327800D80C8E /* Assets.xcassets in Resources */ = {isa = PBXBuildFile; fileRef = 24DF777A240E327800D80C8E /* Assets.xcassets */; };
		24DF777E240E327800D80C8E /* Preview Assets.xcassets in Resources */ = {isa = PBXBuildFile; fileRef = 24DF777D240E327800D80C8E /* Preview Assets.xcassets */; };
		24DF7781240E327800D80C8E /* LaunchScreen.storyboard in Resources */ = {isa = PBXBuildFile; fileRef = 24DF777F240E327800D80C8E /* LaunchScreen.storyboard */; };
		24F5A4222420ADA800F4A1C3 /* NextFirstView.swift in Sources */ = {isa = PBXBuildFile; fileRef = 24F5A4212420ADA800F4A1C3 /* NextFirstView.swift */; };
		24F5A4242420AFB900F4A1C3 /* NextSecondView.swift in Sources */ = {isa = PBXBuildFile; fileRef = 24F5A4232420AFB900F4A1C3 /* NextSecondView.swift */; };
		5F4E45C7EB6267C50C91E90F /* Pods_OTUS_Practice.framework in Frameworks */ = {isa = PBXBuildFile; fileRef = C4125ECE7555AA6A3F64CD4A /* Pods_OTUS_Practice.framework */; };
/* End PBXBuildFile section */

/* Begin PBXContainerItemProxy section */
		2484CCAD246BCC0000C59D56 /* PBXContainerItemProxy */ = {
			isa = PBXContainerItemProxy;
			containerPortal = 24DF7769240E327700D80C8E /* Project object */;
			proxyType = 1;
			remoteGlobalIDString = 2484CCA4246BCC0000C59D56;
			remoteInfo = "OTUS-Share";
		};
/* End PBXContainerItemProxy section */

/* Begin PBXCopyFilesBuildPhase section */
		2484CCB3246BCC0000C59D56 /* Embed App Extensions */ = {
			isa = PBXCopyFilesBuildPhase;
			buildActionMask = 2147483647;
			dstPath = "";
			dstSubfolderSpec = 13;
			files = (
				2484CCAF246BCC0000C59D56 /* OTUS-Share.appex in Embed App Extensions */,
			);
			name = "Embed App Extensions";
			runOnlyForDeploymentPostprocessing = 0;
		};
/* End PBXCopyFilesBuildPhase section */

/* Begin PBXFileReference section */
		2419224C246DED500090A21C /* LocalizeTextVM.swift */ = {isa = PBXFileReference; lastKnownFileType = sourcecode.swift; path = LocalizeTextVM.swift; sourceTree = "<group>"; };
		2419224E246EAECA0090A21C /* SharingService.swift */ = {isa = PBXFileReference; lastKnownFileType = sourcecode.swift; path = SharingService.swift; sourceTree = "<group>"; };
		24192251246EB1030090A21C /* DataProvider.swift */ = {isa = PBXFileReference; lastKnownFileType = sourcecode.swift; path = DataProvider.swift; sourceTree = "<group>"; };
		24192253246EB3510090A21C /* FileService.swift */ = {isa = PBXFileReference; lastKnownFileType = sourcecode.swift; path = FileService.swift; sourceTree = "<group>"; };
		241EBD532419FE610089A32B /* ColumnView.swift */ = {isa = PBXFileReference; lastKnownFileType = sourcecode.swift; path = ColumnView.swift; sourceTree = "<group>"; };
		2443AED4241A0762009DDCEB /* ColumnVM.swift */ = {isa = PBXFileReference; lastKnownFileType = sourcecode.swift; path = ColumnVM.swift; sourceTree = "<group>"; };
		2443AED7241A1665009DDCEB /* AnyTransitionExt.swift */ = {isa = PBXFileReference; lastKnownFileType = sourcecode.swift; path = AnyTransitionExt.swift; sourceTree = "<group>"; };
		2443AED9241A1CA2009DDCEB /* CustomButton.swift */ = {isa = PBXFileReference; lastKnownFileType = sourcecode.swift; path = CustomButton.swift; sourceTree = "<group>"; };
		2454F870242CB4EA001AA9EE /* ThirdView.swift */ = {isa = PBXFileReference; lastKnownFileType = sourcecode.swift; path = ThirdView.swift; sourceTree = "<group>"; };
		2454F872242CB732001AA9EE /* ImageExt.swift */ = {isa = PBXFileReference; lastKnownFileType = sourcecode.swift; path = ImageExt.swift; sourceTree = "<group>"; };
		2454F8E4242CD422001AA9EE /* Badge.swift */ = {isa = PBXFileReference; lastKnownFileType = sourcecode.swift; path = Badge.swift; sourceTree = "<group>"; };
		2454F8E6242CD9C1001AA9EE /* StretchyHeader.swift */ = {isa = PBXFileReference; lastKnownFileType = sourcecode.swift; path = StretchyHeader.swift; sourceTree = "<group>"; };
		245573A9240F698B00B6CDDB /* FirstView.swift */ = {isa = PBXFileReference; lastKnownFileType = sourcecode.swift; path = FirstView.swift; sourceTree = "<group>"; };
		245573AB240F699D00B6CDDB /* SecondView.swift */ = {isa = PBXFileReference; lastKnownFileType = sourcecode.swift; path = SecondView.swift; sourceTree = "<group>"; };
		245573AD240F721A00B6CDDB /* ProductVM.swift */ = {isa = PBXFileReference; lastKnownFileType = sourcecode.swift; path = ProductVM.swift; sourceTree = "<group>"; };
		245573B4240F7D3F00B6CDDB /* DetailInfo.swift */ = {isa = PBXFileReference; lastKnownFileType = sourcecode.swift; path = DetailInfo.swift; sourceTree = "<group>"; };
		245573B7240F8EC300B6CDDB /* LazyView.swift */ = {isa = PBXFileReference; lastKnownFileType = sourcecode.swift; path = LazyView.swift; sourceTree = "<group>"; };
		2466DD4924326D4C009F2FC4 /* AnimatingDiagram.swift */ = {isa = PBXFileReference; lastKnownFileType = sourcecode.swift; path = AnimatingDiagram.swift; sourceTree = "<group>"; };
		2466DD4C24326E46009F2FC4 /* PathDiagram.swift */ = {isa = PBXFileReference; lastKnownFileType = sourcecode.swift; path = PathDiagram.swift; sourceTree = "<group>"; };
		2466DD4E24326E93009F2FC4 /* DiagramEffect.swift */ = {isa = PBXFileReference; lastKnownFileType = sourcecode.swift; path = DiagramEffect.swift; sourceTree = "<group>"; };
		2466DD50243271A9009F2FC4 /* AnimatingServiceLocator.swift */ = {isa = PBXFileReference; lastKnownFileType = sourcecode.swift; path = AnimatingServiceLocator.swift; sourceTree = "<group>"; };
		2466DD522432754D009F2FC4 /* TapAnimatig.swift */ = {isa = PBXFileReference; lastKnownFileType = sourcecode.swift; path = TapAnimatig.swift; sourceTree = "<group>"; };
		24710822244F4B010068A847 /* UserDefaultsService.swift */ = {isa = PBXFileReference; lastKnownFileType = sourcecode.swift; path = UserDefaultsService.swift; sourceTree = "<group>"; };
		24710824244F4B1B0068A847 /* DBService.swift */ = {isa = PBXFileReference; lastKnownFileType = sourcecode.swift; path = DBService.swift; sourceTree = "<group>"; };
		247CC435246D6FFD00205319 /* ShareVC.swift */ = {isa = PBXFileReference; lastKnownFileType = sourcecode.swift; path = ShareVC.swift; sourceTree = "<group>"; };
		2484CC9D246AFA7100C59D56 /* ValidateINN.swift */ = {isa = PBXFileReference; lastKnownFileType = sourcecode.swift; path = ValidateINN.swift; sourceTree = "<group>"; };
		2484CC9F246B000900C59D56 /* StringExt.swift */ = {isa = PBXFileReference; lastKnownFileType = sourcecode.swift; path = StringExt.swift; sourceTree = "<group>"; };
		2484CCA5246BCC0000C59D56 /* OTUS-Share.appex */ = {isa = PBXFileReference; explicitFileType = "wrapper.app-extension"; includeInIndex = 0; path = "OTUS-Share.appex"; sourceTree = BUILT_PRODUCTS_DIR; };
		2484CCAC246BCC0000C59D56 /* Info.plist */ = {isa = PBXFileReference; lastKnownFileType = text.plist.xml; path = Info.plist; sourceTree = "<group>"; };
		2484CCB4246BD44500C59D56 /* OTUS-Practice.entitlements */ = {isa = PBXFileReference; lastKnownFileType = text.plist.entitlements; path = "OTUS-Practice.entitlements"; sourceTree = "<group>"; };
		2484CD4B246C4E1300C59D56 /* OTUS-Share.entitlements */ = {isa = PBXFileReference; lastKnownFileType = text.plist.entitlements; path = "OTUS-Share.entitlements"; sourceTree = "<group>"; };
		2484CD4D246C90BE00C59D56 /* LocalizeTextView.swift */ = {isa = PBXFileReference; lastKnownFileType = sourcecode.swift; path = LocalizeTextView.swift; sourceTree = "<group>"; };
		248A39A6243DA51F007E8E23 /* AnimeAPI.swift */ = {isa = PBXFileReference; lastKnownFileType = sourcecode.swift; path = AnimeAPI.swift; sourceTree = "<group>"; };
		2498113424598A060069C553 /* ServiceLocator */ = {isa = PBXFileReference; lastKnownFileType = text; path = ServiceLocator; sourceTree = SOURCE_ROOT; };
		249C4DE12421FE7300925F96 /* JSONEncodingHelper.swift */ = {isa = PBXFileReference; fileEncoding = 4; lastKnownFileType = sourcecode.swift; path = JSONEncodingHelper.swift; sourceTree = "<group>"; };
		249C4DE22421FE7300925F96 /* Configuration.swift */ = {isa = PBXFileReference; fileEncoding = 4; lastKnownFileType = sourcecode.swift; path = Configuration.swift; sourceTree = "<group>"; };
		249C4DE32421FE7300925F96 /* SynchronizedDictionary.swift */ = {isa = PBXFileReference; fileEncoding = 4; lastKnownFileType = sourcecode.swift; path = SynchronizedDictionary.swift; sourceTree = "<group>"; };
		249C4DE42421FE7300925F96 /* Extensions.swift */ = {isa = PBXFileReference; fileEncoding = 4; lastKnownFileType = sourcecode.swift; path = Extensions.swift; sourceTree = "<group>"; };
		249C4DE62421FE7300925F96 /* SearchAnimeAPI.swift */ = {isa = PBXFileReference; fileEncoding = 4; lastKnownFileType = sourcecode.swift; path = SearchAnimeAPI.swift; sourceTree = "<group>"; };
		249C4DE72421FE7300925F96 /* APIs.swift */ = {isa = PBXFileReference; fileEncoding = 4; lastKnownFileType = sourcecode.swift; path = APIs.swift; sourceTree = "<group>"; };
		249C4DE82421FE7300925F96 /* CodableHelper.swift */ = {isa = PBXFileReference; fileEncoding = 4; lastKnownFileType = sourcecode.swift; path = CodableHelper.swift; sourceTree = "<group>"; };
		249C4DEA2421FE7300925F96 /* ProductList.swift */ = {isa = PBXFileReference; fileEncoding = 4; lastKnownFileType = sourcecode.swift; path = ProductList.swift; sourceTree = "<group>"; };
		249C4DEB2421FE7300925F96 /* ErrorModel.swift */ = {isa = PBXFileReference; fileEncoding = 4; lastKnownFileType = sourcecode.swift; path = ErrorModel.swift; sourceTree = "<group>"; };
		249C4DEC2421FE7300925F96 /* Product.swift */ = {isa = PBXFileReference; fileEncoding = 4; lastKnownFileType = sourcecode.swift; path = Product.swift; sourceTree = "<group>"; };
		249C4DED2421FE7300925F96 /* APIHelper.swift */ = {isa = PBXFileReference; fileEncoding = 4; lastKnownFileType = sourcecode.swift; path = APIHelper.swift; sourceTree = "<group>"; };
		249C4DEE2421FE7300925F96 /* URLSessionImplementations.swift */ = {isa = PBXFileReference; fileEncoding = 4; lastKnownFileType = sourcecode.swift; path = URLSessionImplementations.swift; sourceTree = "<group>"; };
		249C4DEF2421FE7300925F96 /* Models.swift */ = {isa = PBXFileReference; fileEncoding = 4; lastKnownFileType = sourcecode.swift; path = Models.swift; sourceTree = "<group>"; };
		249C4DF02421FE7300925F96 /* JSONDataEncoding.swift */ = {isa = PBXFileReference; fileEncoding = 4; lastKnownFileType = sourcecode.swift; path = JSONDataEncoding.swift; sourceTree = "<group>"; };
		249C4DF12421FE7300925F96 /* OpenISO8601DateFormatter.swift */ = {isa = PBXFileReference; fileEncoding = 4; lastKnownFileType = sourcecode.swift; path = OpenISO8601DateFormatter.swift; sourceTree = "<group>"; };
		249C4E012422066000925F96 /* RandomAccessCollectionExt.swift */ = {isa = PBXFileReference; lastKnownFileType = sourcecode.swift; path = RandomAccessCollectionExt.swift; sourceTree = "<group>"; };
		249C4E0824224BEC00925F96 /* ColorExt.swift */ = {isa = PBXFileReference; lastKnownFileType = sourcecode.swift; path = ColorExt.swift; sourceTree = "<group>"; };
		249C4E0A2422849D00925F96 /* Spiner.swift */ = {isa = PBXFileReference; lastKnownFileType = sourcecode.swift; path = Spiner.swift; sourceTree = "<group>"; };
		24AD81F72446FFA0004C4EC1 /* Cache.swift */ = {isa = PBXFileReference; lastKnownFileType = sourcecode.swift; path = Cache.swift; sourceTree = "<group>"; };
		24CCC5CD241F5BF900A5528A /* NavController.swift */ = {isa = PBXFileReference; lastKnownFileType = sourcecode.swift; path = NavController.swift; sourceTree = "<group>"; };
		24CCC5CF241F5C3B00A5528A /* NavPushButton.swift */ = {isa = PBXFileReference; lastKnownFileType = sourcecode.swift; path = NavPushButton.swift; sourceTree = "<group>"; };
		24CCC5D1241F5C7600A5528A /* NavPopButton.swift */ = {isa = PBXFileReference; lastKnownFileType = sourcecode.swift; path = NavPopButton.swift; sourceTree = "<group>"; };
		24CCC5D3241F5D0700A5528A /* NavVM.swift */ = {isa = PBXFileReference; lastKnownFileType = sourcecode.swift; path = NavVM.swift; sourceTree = "<group>"; };
		24DE27C4243C42F1002D8B00 /* FilteringString.swift */ = {isa = PBXFileReference; lastKnownFileType = sourcecode.swift; path = FilteringString.swift; sourceTree = "<group>"; };
		24DF7771240E327700D80C8E /* OTUS-Practice.app */ = {isa = PBXFileReference; explicitFileType = wrapper.application; includeInIndex = 0; path = "OTUS-Practice.app"; sourceTree = BUILT_PRODUCTS_DIR; };
		24DF7774240E327700D80C8E /* AppDelegate.swift */ = {isa = PBXFileReference; lastKnownFileType = sourcecode.swift; path = AppDelegate.swift; sourceTree = "<group>"; };
		24DF7776240E327700D80C8E /* SceneDelegate.swift */ = {isa = PBXFileReference; lastKnownFileType = sourcecode.swift; path = SceneDelegate.swift; sourceTree = "<group>"; };
		24DF7778240E327700D80C8E /* ContentView.swift */ = {isa = PBXFileReference; lastKnownFileType = sourcecode.swift; path = ContentView.swift; sourceTree = "<group>"; };
		24DF777A240E327800D80C8E /* Assets.xcassets */ = {isa = PBXFileReference; lastKnownFileType = folder.assetcatalog; path = Assets.xcassets; sourceTree = "<group>"; };
		24DF777D240E327800D80C8E /* Preview Assets.xcassets */ = {isa = PBXFileReference; lastKnownFileType = folder.assetcatalog; path = "Preview Assets.xcassets"; sourceTree = "<group>"; };
		24DF7780240E327800D80C8E /* Base */ = {isa = PBXFileReference; lastKnownFileType = file.storyboard; name = Base; path = Base.lproj/LaunchScreen.storyboard; sourceTree = "<group>"; };
		24DF7782240E327800D80C8E /* Info.plist */ = {isa = PBXFileReference; lastKnownFileType = text.plist.xml; path = Info.plist; sourceTree = "<group>"; };
		24F5A4212420ADA800F4A1C3 /* NextFirstView.swift */ = {isa = PBXFileReference; lastKnownFileType = sourcecode.swift; path = NextFirstView.swift; sourceTree = "<group>"; };
		24F5A4232420AFB900F4A1C3 /* NextSecondView.swift */ = {isa = PBXFileReference; lastKnownFileType = sourcecode.swift; path = NextSecondView.swift; sourceTree = "<group>"; };
		31B56B4853F69A7CD0CA3F3F /* Pods-OTUS-Practice.debug.xcconfig */ = {isa = PBXFileReference; includeInIndex = 1; lastKnownFileType = text.xcconfig; name = "Pods-OTUS-Practice.debug.xcconfig"; path = "Target Support Files/Pods-OTUS-Practice/Pods-OTUS-Practice.debug.xcconfig"; sourceTree = "<group>"; };
		82477D9FD640558CCE4F8B8C /* Pods-OTUS-Practice.release.xcconfig */ = {isa = PBXFileReference; includeInIndex = 1; lastKnownFileType = text.xcconfig; name = "Pods-OTUS-Practice.release.xcconfig"; path = "Target Support Files/Pods-OTUS-Practice/Pods-OTUS-Practice.release.xcconfig"; sourceTree = "<group>"; };
		C4125ECE7555AA6A3F64CD4A /* Pods_OTUS_Practice.framework */ = {isa = PBXFileReference; explicitFileType = wrapper.framework; includeInIndex = 0; path = Pods_OTUS_Practice.framework; sourceTree = BUILT_PRODUCTS_DIR; };
/* End PBXFileReference section */

/* Begin PBXFrameworksBuildPhase section */
		2484CCA2246BCC0000C59D56 /* Frameworks */ = {
			isa = PBXFrameworksBuildPhase;
			buildActionMask = 2147483647;
			files = (
			);
			runOnlyForDeploymentPostprocessing = 0;
		};
		24DF776E240E327700D80C8E /* Frameworks */ = {
			isa = PBXFrameworksBuildPhase;
			buildActionMask = 2147483647;
			files = (
				2484CC9B246ADC1B00C59D56 /* KingfisherSwiftUI in Frameworks */,
				2498113624598A180069C553 /* ServiceLocator in Frameworks */,
				5F4E45C7EB6267C50C91E90F /* Pods_OTUS_Practice.framework in Frameworks */,
			);
			runOnlyForDeploymentPostprocessing = 0;
		};
/* End PBXFrameworksBuildPhase section */

/* Begin PBXGroup section */
		2419224A246DE7C50090A21C /* Services */ = {
			isa = PBXGroup;
			children = (
				24192251246EB1030090A21C /* DataProvider.swift */,
				24710824244F4B1B0068A847 /* DBService.swift */,
				24192253246EB3510090A21C /* FileService.swift */,
				24710822244F4B010068A847 /* UserDefaultsService.swift */,
				2419224E246EAECA0090A21C /* SharingService.swift */,
			);
			path = Services;
			sourceTree = "<group>";
		};
		2443AED6241A1636009DDCEB /* Extensions */ = {
			isa = PBXGroup;
			children = (
				249C4E042422066F00925F96 /* Data */,
				249C4E032422066800925F96 /* Visible */,
			);
			path = Extensions;
			sourceTree = "<group>";
		};
		2454F86F242CB491001AA9EE /* Third */ = {
			isa = PBXGroup;
			children = (
				2454F870242CB4EA001AA9EE /* ThirdView.swift */,
				2466DD50243271A9009F2FC4 /* AnimatingServiceLocator.swift */,
				2466DD4924326D4C009F2FC4 /* AnimatingDiagram.swift */,
				2466DD522432754D009F2FC4 /* TapAnimatig.swift */,
			);
			path = Third;
			sourceTree = "<group>";
		};
		2455739F240F66D700B6CDDB /* Resources */ = {
			isa = PBXGroup;
			children = (
				24DF777A240E327800D80C8E /* Assets.xcassets */,
				24DF777F240E327800D80C8E /* LaunchScreen.storyboard */,
			);
			path = Resources;
			sourceTree = "<group>";
		};
		245573A0240F689700B6CDDB /* Environments */ = {
			isa = PBXGroup;
			children = (
				24DF7782240E327800D80C8E /* Info.plist */,
			);
			path = Environments;
			sourceTree = "<group>";
		};
		245573A1240F68A600B6CDDB /* Core */ = {
			isa = PBXGroup;
			children = (
				245573B6240F8EA100B6CDDB /* Components */,
				2443AED6241A1636009DDCEB /* Extensions */,
				249C4DE02421FE7300925F96 /* OpenAPIs */,
				2419224A246DE7C50090A21C /* Services */,
			);
			path = Core;
			sourceTree = "<group>";
		};
		245573A2240F68B900B6CDDB /* App */ = {
			isa = PBXGroup;
			children = (
				245573A5240F68E100B6CDDB /* BusinessLogic */,
				245573A4240F68D900B6CDDB /* Entity */,
				245573A3240F68CB00B6CDDB /* Flows */,
			);
			path = App;
			sourceTree = "<group>";
		};
		245573A3240F68CB00B6CDDB /* Flows */ = {
			isa = PBXGroup;
			children = (
				24DF7778240E327700D80C8E /* ContentView.swift */,
				245573B2240F790800B6CDDB /* FirstTab */,
				245573B3240F791E00B6CDDB /* SecondTab */,
				2454F86F242CB491001AA9EE /* Third */,
				2484CD4C246C907400C59D56 /* LocalizeText */,
				2484CC9C246AFA3F00C59D56 /* ValidateINN */,
			);
			path = Flows;
			sourceTree = "<group>";
		};
		245573A4240F68D900B6CDDB /* Entity */ = {
			isa = PBXGroup;
			children = (
				2443AED4241A0762009DDCEB /* ColumnVM.swift */,
				245573AD240F721A00B6CDDB /* ProductVM.swift */,
			);
			path = Entity;
			sourceTree = "<group>";
		};
		245573A5240F68E100B6CDDB /* BusinessLogic */ = {
			isa = PBXGroup;
			children = (
				24DF7774240E327700D80C8E /* AppDelegate.swift */,
				24DF7776240E327700D80C8E /* SceneDelegate.swift */,
				248A39A6243DA51F007E8E23 /* AnimeAPI.swift */,
			);
			path = BusinessLogic;
			sourceTree = "<group>";
		};
		245573B2240F790800B6CDDB /* FirstTab */ = {
			isa = PBXGroup;
			children = (
				245573A9240F698B00B6CDDB /* FirstView.swift */,
				245573B4240F7D3F00B6CDDB /* DetailInfo.swift */,
			);
			path = FirstTab;
			sourceTree = "<group>";
		};
		245573B3240F791E00B6CDDB /* SecondTab */ = {
			isa = PBXGroup;
			children = (
				245573AB240F699D00B6CDDB /* SecondView.swift */,
				24F5A4212420ADA800F4A1C3 /* NextFirstView.swift */,
				24F5A4232420AFB900F4A1C3 /* NextSecondView.swift */,
				241EBD532419FE610089A32B /* ColumnView.swift */,
			);
			path = SecondTab;
			sourceTree = "<group>";
		};
		245573B6240F8EA100B6CDDB /* Components */ = {
			isa = PBXGroup;
			children = (
				2466DD4B24326E2B009F2FC4 /* Diagram */,
				24CCC5CC241F5AAC00A5528A /* Navigation */,
				2454F8E4242CD422001AA9EE /* Badge.swift */,
				24AD81F72446FFA0004C4EC1 /* Cache.swift */,
				2443AED9241A1CA2009DDCEB /* CustomButton.swift */,
				24DE27C4243C42F1002D8B00 /* FilteringString.swift */,
				245573B7240F8EC300B6CDDB /* LazyView.swift */,
				249C4E0A2422849D00925F96 /* Spiner.swift */,
				2454F8E6242CD9C1001AA9EE /* StretchyHeader.swift */,
			);
			path = Components;
			sourceTree = "<group>";
		};
		2466DD4B24326E2B009F2FC4 /* Diagram */ = {
			isa = PBXGroup;
			children = (
				2466DD4E24326E93009F2FC4 /* DiagramEffect.swift */,
				2466DD4C24326E46009F2FC4 /* PathDiagram.swift */,
			);
			path = Diagram;
			sourceTree = "<group>";
		};
		2484CC9C246AFA3F00C59D56 /* ValidateINN */ = {
			isa = PBXGroup;
			children = (
				2484CC9D246AFA7100C59D56 /* ValidateINN.swift */,
			);
			path = ValidateINN;
			sourceTree = "<group>";
		};
		2484CCA6246BCC0000C59D56 /* OTUS-Share */ = {
			isa = PBXGroup;
			children = (
				2484CD4B246C4E1300C59D56 /* OTUS-Share.entitlements */,
				2484CCAC246BCC0000C59D56 /* Info.plist */,
				247CC435246D6FFD00205319 /* ShareVC.swift */,
			);
			path = "OTUS-Share";
			sourceTree = "<group>";
		};
		2484CD4C246C907400C59D56 /* LocalizeText */ = {
			isa = PBXGroup;
			children = (
				2484CD4D246C90BE00C59D56 /* LocalizeTextView.swift */,
				2419224C246DED500090A21C /* LocalizeTextVM.swift */,
			);
			path = LocalizeText;
			sourceTree = "<group>";
		};
		249C4DE02421FE7300925F96 /* OpenAPIs */ = {
			isa = PBXGroup;
			children = (
				249C4DE52421FE7300925F96 /* APIs */,
				249C4DE92421FE7300925F96 /* Models */,
				249C4DE12421FE7300925F96 /* JSONEncodingHelper.swift */,
				249C4DE22421FE7300925F96 /* Configuration.swift */,
				249C4DE32421FE7300925F96 /* SynchronizedDictionary.swift */,
				249C4DE42421FE7300925F96 /* Extensions.swift */,
				249C4DE72421FE7300925F96 /* APIs.swift */,
				249C4DE82421FE7300925F96 /* CodableHelper.swift */,
				249C4DED2421FE7300925F96 /* APIHelper.swift */,
				249C4DEE2421FE7300925F96 /* URLSessionImplementations.swift */,
				249C4DEF2421FE7300925F96 /* Models.swift */,
				249C4DF02421FE7300925F96 /* JSONDataEncoding.swift */,
				249C4DF12421FE7300925F96 /* OpenISO8601DateFormatter.swift */,
			);
			path = OpenAPIs;
			sourceTree = "<group>";
		};
		249C4DE52421FE7300925F96 /* APIs */ = {
			isa = PBXGroup;
			children = (
				249C4DE62421FE7300925F96 /* SearchAnimeAPI.swift */,
			);
			path = APIs;
			sourceTree = "<group>";
		};
		249C4DE92421FE7300925F96 /* Models */ = {
			isa = PBXGroup;
			children = (
				249C4DEC2421FE7300925F96 /* Product.swift */,
				249C4DEA2421FE7300925F96 /* ProductList.swift */,
				249C4DEB2421FE7300925F96 /* ErrorModel.swift */,
			);
			path = Models;
			sourceTree = "<group>";
		};
		249C4E032422066800925F96 /* Visible */ = {
			isa = PBXGroup;
			children = (
				2443AED7241A1665009DDCEB /* AnyTransitionExt.swift */,
				2454F872242CB732001AA9EE /* ImageExt.swift */,
			);
			path = Visible;
			sourceTree = "<group>";
		};
		249C4E042422066F00925F96 /* Data */ = {
			isa = PBXGroup;
			children = (
				249C4E012422066000925F96 /* RandomAccessCollectionExt.swift */,
				249C4E0824224BEC00925F96 /* ColorExt.swift */,
				2484CC9F246B000900C59D56 /* StringExt.swift */,
			);
			path = Data;
			sourceTree = "<group>";
		};
		24CCC5CC241F5AAC00A5528A /* Navigation */ = {
			isa = PBXGroup;
			children = (
				24CCC5CD241F5BF900A5528A /* NavController.swift */,
				24CCC5CF241F5C3B00A5528A /* NavPushButton.swift */,
				24CCC5D1241F5C7600A5528A /* NavPopButton.swift */,
				24CCC5D3241F5D0700A5528A /* NavVM.swift */,
			);
			path = Navigation;
			sourceTree = "<group>";
		};
		24DF7768240E327700D80C8E = {
			isa = PBXGroup;
			children = (
				24DF7773240E327700D80C8E /* OTUS-Practice */,
				2484CCA6246BCC0000C59D56 /* OTUS-Share */,
				24DF7772240E327700D80C8E /* Products */,
				3617BCAFB3E17FE19EA74E55 /* Pods */,
				3295CDE9666D50F7D6115983 /* Frameworks */,
			);
			sourceTree = "<group>";
		};
		24DF7772240E327700D80C8E /* Products */ = {
			isa = PBXGroup;
			children = (
				24DF7771240E327700D80C8E /* OTUS-Practice.app */,
				2484CCA5246BCC0000C59D56 /* OTUS-Share.appex */,
			);
			name = Products;
			sourceTree = "<group>";
		};
		24DF7773240E327700D80C8E /* OTUS-Practice */ = {
			isa = PBXGroup;
			children = (
				2484CCB4246BD44500C59D56 /* OTUS-Practice.entitlements */,
				2498113424598A060069C553 /* ServiceLocator */,
				245573A2240F68B900B6CDDB /* App */,
				245573A1240F68A600B6CDDB /* Core */,
				245573A0240F689700B6CDDB /* Environments */,
				2455739F240F66D700B6CDDB /* Resources */,
				24DF777C240E327800D80C8E /* Preview Content */,
			);
			path = "OTUS-Practice";
			sourceTree = "<group>";
		};
		24DF777C240E327800D80C8E /* Preview Content */ = {
			isa = PBXGroup;
			children = (
				24DF777D240E327800D80C8E /* Preview Assets.xcassets */,
			);
			path = "Preview Content";
			sourceTree = "<group>";
		};
		3295CDE9666D50F7D6115983 /* Frameworks */ = {
			isa = PBXGroup;
			children = (
				C4125ECE7555AA6A3F64CD4A /* Pods_OTUS_Practice.framework */,
			);
			name = Frameworks;
			sourceTree = "<group>";
		};
		3617BCAFB3E17FE19EA74E55 /* Pods */ = {
			isa = PBXGroup;
			children = (
				31B56B4853F69A7CD0CA3F3F /* Pods-OTUS-Practice.debug.xcconfig */,
				82477D9FD640558CCE4F8B8C /* Pods-OTUS-Practice.release.xcconfig */,
			);
			path = Pods;
			sourceTree = "<group>";
		};
/* End PBXGroup section */

/* Begin PBXNativeTarget section */
		2484CCA4246BCC0000C59D56 /* OTUS-Share */ = {
			isa = PBXNativeTarget;
			buildConfigurationList = 2484CCB0246BCC0000C59D56 /* Build configuration list for PBXNativeTarget "OTUS-Share" */;
			buildPhases = (
				2484CCA1246BCC0000C59D56 /* Sources */,
				2484CCA2246BCC0000C59D56 /* Frameworks */,
				2484CCA3246BCC0000C59D56 /* Resources */,
			);
			buildRules = (
			);
			dependencies = (
			);
			name = "OTUS-Share";
			packageProductDependencies = (
			);
			productName = "OTUS-Share";
			productReference = 2484CCA5246BCC0000C59D56 /* OTUS-Share.appex */;
			productType = "com.apple.product-type.app-extension";
		};
		24DF7770240E327700D80C8E /* OTUS-Practice */ = {
			isa = PBXNativeTarget;
			buildConfigurationList = 24DF7785240E327800D80C8E /* Build configuration list for PBXNativeTarget "OTUS-Practice" */;
			buildPhases = (
				84046AF0D79618B9687509D5 /* [CP] Check Pods Manifest.lock */,
				24DF776D240E327700D80C8E /* Sources */,
				24DF776E240E327700D80C8E /* Frameworks */,
				24DF776F240E327700D80C8E /* Resources */,
				69DE08D8F3D8DB7C3DD286AE /* [CP] Embed Pods Frameworks */,
				2484CCB3246BCC0000C59D56 /* Embed App Extensions */,
			);
			buildRules = (
			);
			dependencies = (
				2484CCAE246BCC0000C59D56 /* PBXTargetDependency */,
			);
			name = "OTUS-Practice";
			packageProductDependencies = (
				2498113524598A180069C553 /* ServiceLocator */,
				2484CC9A246ADC1B00C59D56 /* KingfisherSwiftUI */,
			);
			productName = "OTUS-Practice";
			productReference = 24DF7771240E327700D80C8E /* OTUS-Practice.app */;
			productType = "com.apple.product-type.application";
		};
/* End PBXNativeTarget section */

/* Begin PBXProject section */
		24DF7769240E327700D80C8E /* Project object */ = {
			isa = PBXProject;
			attributes = {
				LastSwiftUpdateCheck = 1140;
				LastUpgradeCheck = 1140;
				ORGANIZATIONNAME = Mak;
				TargetAttributes = {
					2484CCA4246BCC0000C59D56 = {
						CreatedOnToolsVersion = 11.4.1;
						LastSwiftMigration = 1140;
					};
					24DF7770240E327700D80C8E = {
						CreatedOnToolsVersion = 11.4;
					};
				};
			};
			buildConfigurationList = 24DF776C240E327700D80C8E /* Build configuration list for PBXProject "OTUS-Practice" */;
			compatibilityVersion = "Xcode 9.3";
			developmentRegion = en;
			hasScannedForEncodings = 0;
			knownRegions = (
				en,
				Base,
			);
			mainGroup = 24DF7768240E327700D80C8E;
			packageReferences = (
				2484CC99246ADC1B00C59D56 /* XCRemoteSwiftPackageReference "Kingfisher" */,
			);
			productRefGroup = 24DF7772240E327700D80C8E /* Products */;
			projectDirPath = "";
			projectRoot = "";
			targets = (
				24DF7770240E327700D80C8E /* OTUS-Practice */,
				2484CCA4246BCC0000C59D56 /* OTUS-Share */,
			);
		};
/* End PBXProject section */

/* Begin PBXResourcesBuildPhase section */
		2484CCA3246BCC0000C59D56 /* Resources */ = {
			isa = PBXResourcesBuildPhase;
			buildActionMask = 2147483647;
			files = (
			);
			runOnlyForDeploymentPostprocessing = 0;
		};
		24DF776F240E327700D80C8E /* Resources */ = {
			isa = PBXResourcesBuildPhase;
			buildActionMask = 2147483647;
			files = (
				24DF7781240E327800D80C8E /* LaunchScreen.storyboard in Resources */,
				24DF777E240E327800D80C8E /* Preview Assets.xcassets in Resources */,
				24DF777B240E327800D80C8E /* Assets.xcassets in Resources */,
			);
			runOnlyForDeploymentPostprocessing = 0;
		};
/* End PBXResourcesBuildPhase section */

/* Begin PBXShellScriptBuildPhase section */
		69DE08D8F3D8DB7C3DD286AE /* [CP] Embed Pods Frameworks */ = {
			isa = PBXShellScriptBuildPhase;
			buildActionMask = 2147483647;
			files = (
			);
			inputFileListPaths = (
				"${PODS_ROOT}/Target Support Files/Pods-OTUS-Practice/Pods-OTUS-Practice-frameworks-${CONFIGURATION}-input-files.xcfilelist",
			);
			name = "[CP] Embed Pods Frameworks";
			outputFileListPaths = (
				"${PODS_ROOT}/Target Support Files/Pods-OTUS-Practice/Pods-OTUS-Practice-frameworks-${CONFIGURATION}-output-files.xcfilelist",
			);
			runOnlyForDeploymentPostprocessing = 0;
			shellPath = /bin/sh;
			shellScript = "\"${PODS_ROOT}/Target Support Files/Pods-OTUS-Practice/Pods-OTUS-Practice-frameworks.sh\"\n";
			showEnvVarsInLog = 0;
		};
		84046AF0D79618B9687509D5 /* [CP] Check Pods Manifest.lock */ = {
			isa = PBXShellScriptBuildPhase;
			buildActionMask = 2147483647;
			files = (
			);
			inputFileListPaths = (
			);
			inputPaths = (
				"${PODS_PODFILE_DIR_PATH}/Podfile.lock",
				"${PODS_ROOT}/Manifest.lock",
			);
			name = "[CP] Check Pods Manifest.lock";
			outputFileListPaths = (
			);
			outputPaths = (
				"$(DERIVED_FILE_DIR)/Pods-OTUS-Practice-checkManifestLockResult.txt",
			);
			runOnlyForDeploymentPostprocessing = 0;
			shellPath = /bin/sh;
			shellScript = "diff \"${PODS_PODFILE_DIR_PATH}/Podfile.lock\" \"${PODS_ROOT}/Manifest.lock\" > /dev/null\nif [ $? != 0 ] ; then\n    # print error to STDERR\n    echo \"error: The sandbox is not in sync with the Podfile.lock. Run 'pod install' or update your CocoaPods installation.\" >&2\n    exit 1\nfi\n# This output is used by Xcode 'outputs' to avoid re-running this script phase.\necho \"SUCCESS\" > \"${SCRIPT_OUTPUT_FILE_0}\"\n";
			showEnvVarsInLog = 0;
		};
/* End PBXShellScriptBuildPhase section */

/* Begin PBXSourcesBuildPhase section */
		2484CCA1246BCC0000C59D56 /* Sources */ = {
			isa = PBXSourcesBuildPhase;
			buildActionMask = 2147483647;
			files = (
				24192256246EB5F50090A21C /* UserDefaultsService.swift in Sources */,
				24192255246EB5F00090A21C /* DataProvider.swift in Sources */,
				24192250246EAECA0090A21C /* SharingService.swift in Sources */,
				24192257246ED2A70090A21C /* FileService.swift in Sources */,
				247CC436246D6FFD00205319 /* ShareVC.swift in Sources */,
			);
			runOnlyForDeploymentPostprocessing = 0;
		};
		24DF776D240E327700D80C8E /* Sources */ = {
			isa = PBXSourcesBuildPhase;
			buildActionMask = 2147483647;
			files = (
				249C4E002421FE7300925F96 /* OpenISO8601DateFormatter.swift in Sources */,
				2466DD532432754D009F2FC4 /* TapAnimatig.swift in Sources */,
				24DE27C5243C42F1002D8B00 /* FilteringString.swift in Sources */,
				249C4E0924224BEC00925F96 /* ColorExt.swift in Sources */,
				249C4DFE2421FE7300925F96 /* Models.swift in Sources */,
				2454F873242CB732001AA9EE /* ImageExt.swift in Sources */,
				2466DD51243271A9009F2FC4 /* AnimatingServiceLocator.swift in Sources */,
				24DF7775240E327700D80C8E /* AppDelegate.swift in Sources */,
				245573AA240F698B00B6CDDB /* FirstView.swift in Sources */,
				2454F871242CB4EA001AA9EE /* ThirdView.swift in Sources */,
				24192252246EB1030090A21C /* DataProvider.swift in Sources */,
				24AD81F82446FFA0004C4EC1 /* Cache.swift in Sources */,
				2443AED5241A0762009DDCEB /* ColumnVM.swift in Sources */,
				2443AEDA241A1CA2009DDCEB /* CustomButton.swift in Sources */,
				249C4DF42421FE7300925F96 /* SynchronizedDictionary.swift in Sources */,
				2419224D246DED500090A21C /* LocalizeTextVM.swift in Sources */,
				2484CCA0246B000900C59D56 /* StringExt.swift in Sources */,
				24CCC5CE241F5BF900A5528A /* NavController.swift in Sources */,
				2466DD4F24326E93009F2FC4 /* DiagramEffect.swift in Sources */,
				245573AE240F721A00B6CDDB /* ProductVM.swift in Sources */,
				24192254246EB3510090A21C /* FileService.swift in Sources */,
				24CCC5D4241F5D0700A5528A /* NavVM.swift in Sources */,
				249C4DF22421FE7300925F96 /* JSONEncodingHelper.swift in Sources */,
				2419224F246EAECA0090A21C /* SharingService.swift in Sources */,
				249C4DFD2421FE7300925F96 /* URLSessionImplementations.swift in Sources */,
				24DF7777240E327700D80C8E /* SceneDelegate.swift in Sources */,
				249C4DFA2421FE7300925F96 /* ErrorModel.swift in Sources */,
				248A39A7243DA51F007E8E23 /* AnimeAPI.swift in Sources */,
				249C4DF32421FE7300925F96 /* Configuration.swift in Sources */,
				249C4DF72421FE7300925F96 /* APIs.swift in Sources */,
				249C4E0B2422849D00925F96 /* Spiner.swift in Sources */,
				24710825244F4B1B0068A847 /* DBService.swift in Sources */,
				245573B5240F7D3F00B6CDDB /* DetailInfo.swift in Sources */,
				2454F8E5242CD422001AA9EE /* Badge.swift in Sources */,
				2443AED8241A1665009DDCEB /* AnyTransitionExt.swift in Sources */,
				249C4DF82421FE7300925F96 /* CodableHelper.swift in Sources */,
				24CCC5D2241F5C7600A5528A /* NavPopButton.swift in Sources */,
				2454F8E7242CD9C1001AA9EE /* StretchyHeader.swift in Sources */,
				24F5A4222420ADA800F4A1C3 /* NextFirstView.swift in Sources */,
				241EBD542419FE610089A32B /* ColumnView.swift in Sources */,
				249C4DF92421FE7300925F96 /* ProductList.swift in Sources */,
				2466DD4A24326D4C009F2FC4 /* AnimatingDiagram.swift in Sources */,
				249C4DFF2421FE7300925F96 /* JSONDataEncoding.swift in Sources */,
				245573AC240F699D00B6CDDB /* SecondView.swift in Sources */,
				249C4DFC2421FE7300925F96 /* APIHelper.swift in Sources */,
				2484CD4E246C90BE00C59D56 /* LocalizeTextView.swift in Sources */,
				249C4DF52421FE7300925F96 /* Extensions.swift in Sources */,
				2466DD4D24326E46009F2FC4 /* PathDiagram.swift in Sources */,
				245573B8240F8EC300B6CDDB /* LazyView.swift in Sources */,
				24710823244F4B010068A847 /* UserDefaultsService.swift in Sources */,
				24F5A4242420AFB900F4A1C3 /* NextSecondView.swift in Sources */,
				2484CC9E246AFA7100C59D56 /* ValidateINN.swift in Sources */,
				249C4DFB2421FE7300925F96 /* Product.swift in Sources */,
				24DF7779240E327700D80C8E /* ContentView.swift in Sources */,
				249C4DF62421FE7300925F96 /* SearchAnimeAPI.swift in Sources */,
				249C4E022422066000925F96 /* RandomAccessCollectionExt.swift in Sources */,
				24CCC5D0241F5C3B00A5528A /* NavPushButton.swift in Sources */,
			);
			runOnlyForDeploymentPostprocessing = 0;
		};
/* End PBXSourcesBuildPhase section */

/* Begin PBXTargetDependency section */
		2484CCAE246BCC0000C59D56 /* PBXTargetDependency */ = {
			isa = PBXTargetDependency;
			target = 2484CCA4246BCC0000C59D56 /* OTUS-Share */;
			targetProxy = 2484CCAD246BCC0000C59D56 /* PBXContainerItemProxy */;
		};
/* End PBXTargetDependency section */

/* Begin PBXVariantGroup section */
		24DF777F240E327800D80C8E /* LaunchScreen.storyboard */ = {
			isa = PBXVariantGroup;
			children = (
				24DF7780240E327800D80C8E /* Base */,
			);
			name = LaunchScreen.storyboard;
			sourceTree = "<group>";
		};
/* End PBXVariantGroup section */

/* Begin XCBuildConfiguration section */
		2484CCB1246BCC0000C59D56 /* Debug */ = {
			isa = XCBuildConfiguration;
			buildSettings = {
				CLANG_ENABLE_MODULES = YES;
				CODE_SIGN_ENTITLEMENTS = "OTUS-Share/OTUS-Share.entitlements";
				CODE_SIGN_STYLE = Automatic;
				DEVELOPMENT_TEAM = B2H4W42259;
				INFOPLIST_FILE = "OTUS-Share/Info.plist";
				LD_RUNPATH_SEARCH_PATHS = (
					"$(inherited)",
					"@executable_path/Frameworks",
					"@executable_path/../../Frameworks",
				);
				PRODUCT_BUNDLE_IDENTIFIER = "PersonalTeam.OTUS-Practice.OTUS-Share";
				PRODUCT_NAME = "$(TARGET_NAME)";
				SKIP_INSTALL = YES;
				SWIFT_OPTIMIZATION_LEVEL = "-Onone";
				SWIFT_VERSION = 5.0;
				TARGETED_DEVICE_FAMILY = "1,2";
			};
			name = Debug;
		};
		2484CCB2246BCC0000C59D56 /* Release */ = {
			isa = XCBuildConfiguration;
			buildSettings = {
				CLANG_ENABLE_MODULES = YES;
				CODE_SIGN_ENTITLEMENTS = "OTUS-Share/OTUS-Share.entitlements";
				CODE_SIGN_STYLE = Automatic;
				DEVELOPMENT_TEAM = B2H4W42259;
				INFOPLIST_FILE = "OTUS-Share/Info.plist";
				LD_RUNPATH_SEARCH_PATHS = (
					"$(inherited)",
					"@executable_path/Frameworks",
					"@executable_path/../../Frameworks",
				);
				PRODUCT_BUNDLE_IDENTIFIER = "PersonalTeam.OTUS-Practice.OTUS-Share";
				PRODUCT_NAME = "$(TARGET_NAME)";
				SKIP_INSTALL = YES;
				SWIFT_VERSION = 5.0;
				TARGETED_DEVICE_FAMILY = "1,2";
			};
			name = Release;
		};
		24DF7783240E327800D80C8E /* Debug */ = {
			isa = XCBuildConfiguration;
			buildSettings = {
				ALWAYS_SEARCH_USER_PATHS = NO;
				CLANG_ANALYZER_NONNULL = YES;
				CLANG_ANALYZER_NUMBER_OBJECT_CONVERSION = YES_AGGRESSIVE;
				CLANG_CXX_LANGUAGE_STANDARD = "gnu++14";
				CLANG_CXX_LIBRARY = "libc++";
				CLANG_ENABLE_MODULES = YES;
				CLANG_ENABLE_OBJC_ARC = YES;
				CLANG_ENABLE_OBJC_WEAK = YES;
				CLANG_WARN_BLOCK_CAPTURE_AUTORELEASING = YES;
				CLANG_WARN_BOOL_CONVERSION = YES;
				CLANG_WARN_COMMA = YES;
				CLANG_WARN_CONSTANT_CONVERSION = YES;
				CLANG_WARN_DEPRECATED_OBJC_IMPLEMENTATIONS = YES;
				CLANG_WARN_DIRECT_OBJC_ISA_USAGE = YES_ERROR;
				CLANG_WARN_DOCUMENTATION_COMMENTS = YES;
				CLANG_WARN_EMPTY_BODY = YES;
				CLANG_WARN_ENUM_CONVERSION = YES;
				CLANG_WARN_INFINITE_RECURSION = YES;
				CLANG_WARN_INT_CONVERSION = YES;
				CLANG_WARN_NON_LITERAL_NULL_CONVERSION = YES;
				CLANG_WARN_OBJC_IMPLICIT_RETAIN_SELF = YES;
				CLANG_WARN_OBJC_LITERAL_CONVERSION = YES;
				CLANG_WARN_OBJC_ROOT_CLASS = YES_ERROR;
				CLANG_WARN_RANGE_LOOP_ANALYSIS = YES;
				CLANG_WARN_STRICT_PROTOTYPES = YES;
				CLANG_WARN_SUSPICIOUS_MOVE = YES;
				CLANG_WARN_UNGUARDED_AVAILABILITY = YES_AGGRESSIVE;
				CLANG_WARN_UNREACHABLE_CODE = YES;
				CLANG_WARN__DUPLICATE_METHOD_MATCH = YES;
				COPY_PHASE_STRIP = NO;
				DEBUG_INFORMATION_FORMAT = dwarf;
				ENABLE_STRICT_OBJC_MSGSEND = YES;
				ENABLE_TESTABILITY = YES;
				GCC_C_LANGUAGE_STANDARD = gnu11;
				GCC_DYNAMIC_NO_PIC = NO;
				GCC_NO_COMMON_BLOCKS = YES;
				GCC_OPTIMIZATION_LEVEL = 0;
				GCC_PREPROCESSOR_DEFINITIONS = (
					"DEBUG=1",
					"$(inherited)",
				);
				GCC_WARN_64_TO_32_BIT_CONVERSION = YES;
				GCC_WARN_ABOUT_RETURN_TYPE = YES_ERROR;
				GCC_WARN_UNDECLARED_SELECTOR = YES;
				GCC_WARN_UNINITIALIZED_AUTOS = YES_AGGRESSIVE;
				GCC_WARN_UNUSED_FUNCTION = YES;
				GCC_WARN_UNUSED_VARIABLE = YES;
				IPHONEOS_DEPLOYMENT_TARGET = 13.4;
				MTL_ENABLE_DEBUG_INFO = INCLUDE_SOURCE;
				MTL_FAST_MATH = YES;
				ONLY_ACTIVE_ARCH = YES;
				SDKROOT = iphoneos;
				SWIFT_ACTIVE_COMPILATION_CONDITIONS = DEBUG;
				SWIFT_OPTIMIZATION_LEVEL = "-Onone";
			};
			name = Debug;
		};
		24DF7784240E327800D80C8E /* Release */ = {
			isa = XCBuildConfiguration;
			buildSettings = {
				ALWAYS_SEARCH_USER_PATHS = NO;
				CLANG_ANALYZER_NONNULL = YES;
				CLANG_ANALYZER_NUMBER_OBJECT_CONVERSION = YES_AGGRESSIVE;
				CLANG_CXX_LANGUAGE_STANDARD = "gnu++14";
				CLANG_CXX_LIBRARY = "libc++";
				CLANG_ENABLE_MODULES = YES;
				CLANG_ENABLE_OBJC_ARC = YES;
				CLANG_ENABLE_OBJC_WEAK = YES;
				CLANG_WARN_BLOCK_CAPTURE_AUTORELEASING = YES;
				CLANG_WARN_BOOL_CONVERSION = YES;
				CLANG_WARN_COMMA = YES;
				CLANG_WARN_CONSTANT_CONVERSION = YES;
				CLANG_WARN_DEPRECATED_OBJC_IMPLEMENTATIONS = YES;
				CLANG_WARN_DIRECT_OBJC_ISA_USAGE = YES_ERROR;
				CLANG_WARN_DOCUMENTATION_COMMENTS = YES;
				CLANG_WARN_EMPTY_BODY = YES;
				CLANG_WARN_ENUM_CONVERSION = YES;
				CLANG_WARN_INFINITE_RECURSION = YES;
				CLANG_WARN_INT_CONVERSION = YES;
				CLANG_WARN_NON_LITERAL_NULL_CONVERSION = YES;
				CLANG_WARN_OBJC_IMPLICIT_RETAIN_SELF = YES;
				CLANG_WARN_OBJC_LITERAL_CONVERSION = YES;
				CLANG_WARN_OBJC_ROOT_CLASS = YES_ERROR;
				CLANG_WARN_RANGE_LOOP_ANALYSIS = YES;
				CLANG_WARN_STRICT_PROTOTYPES = YES;
				CLANG_WARN_SUSPICIOUS_MOVE = YES;
				CLANG_WARN_UNGUARDED_AVAILABILITY = YES_AGGRESSIVE;
				CLANG_WARN_UNREACHABLE_CODE = YES;
				CLANG_WARN__DUPLICATE_METHOD_MATCH = YES;
				COPY_PHASE_STRIP = NO;
				DEBUG_INFORMATION_FORMAT = "dwarf-with-dsym";
				ENABLE_NS_ASSERTIONS = NO;
				ENABLE_STRICT_OBJC_MSGSEND = YES;
				GCC_C_LANGUAGE_STANDARD = gnu11;
				GCC_NO_COMMON_BLOCKS = YES;
				GCC_WARN_64_TO_32_BIT_CONVERSION = YES;
				GCC_WARN_ABOUT_RETURN_TYPE = YES_ERROR;
				GCC_WARN_UNDECLARED_SELECTOR = YES;
				GCC_WARN_UNINITIALIZED_AUTOS = YES_AGGRESSIVE;
				GCC_WARN_UNUSED_FUNCTION = YES;
				GCC_WARN_UNUSED_VARIABLE = YES;
				IPHONEOS_DEPLOYMENT_TARGET = 13.4;
				MTL_ENABLE_DEBUG_INFO = NO;
				MTL_FAST_MATH = YES;
				SDKROOT = iphoneos;
				SWIFT_COMPILATION_MODE = wholemodule;
				SWIFT_OPTIMIZATION_LEVEL = "-O";
				VALIDATE_PRODUCT = YES;
			};
			name = Release;
		};
		24DF7786240E327800D80C8E /* Debug */ = {
			isa = XCBuildConfiguration;
			baseConfigurationReference = 31B56B4853F69A7CD0CA3F3F /* Pods-OTUS-Practice.debug.xcconfig */;
			buildSettings = {
				ALWAYS_EMBED_SWIFT_STANDARD_LIBRARIES = YES;
				ASSETCATALOG_COMPILER_APPICON_NAME = AppIcon;
				CODE_SIGN_ENTITLEMENTS = "OTUS-Practice/OTUS-Practice.entitlements";
				CODE_SIGN_STYLE = Automatic;
				DEVELOPMENT_ASSET_PATHS = "\"OTUS-Practice/Preview Content\"";
				DEVELOPMENT_TEAM = B2H4W42259;
				ENABLE_PREVIEWS = YES;
				INFOPLIST_FILE = "$(SRCROOT)/OTUS-Practice/Environments/Info.plist";
				LD_RUNPATH_SEARCH_PATHS = (
					"$(inherited)",
					"@executable_path/Frameworks",
				);
				PRODUCT_BUNDLE_IDENTIFIER = "PersonalTeam.OTUS-Practice";
				PRODUCT_NAME = "$(TARGET_NAME)";
				SWIFT_VERSION = 5.0;
				TARGETED_DEVICE_FAMILY = "1,2";
			};
			name = Debug;
		};
		24DF7787240E327800D80C8E /* Release */ = {
			isa = XCBuildConfiguration;
			baseConfigurationReference = 82477D9FD640558CCE4F8B8C /* Pods-OTUS-Practice.release.xcconfig */;
			buildSettings = {
				ALWAYS_EMBED_SWIFT_STANDARD_LIBRARIES = YES;
				ASSETCATALOG_COMPILER_APPICON_NAME = AppIcon;
				CODE_SIGN_ENTITLEMENTS = "OTUS-Practice/OTUS-Practice.entitlements";
				CODE_SIGN_STYLE = Automatic;
				DEVELOPMENT_ASSET_PATHS = "\"OTUS-Practice/Preview Content\"";
				DEVELOPMENT_TEAM = B2H4W42259;
				ENABLE_PREVIEWS = YES;
				INFOPLIST_FILE = "$(SRCROOT)/OTUS-Practice/Environments/Info.plist";
				LD_RUNPATH_SEARCH_PATHS = (
					"$(inherited)",
					"@executable_path/Frameworks",
				);
				PRODUCT_BUNDLE_IDENTIFIER = "PersonalTeam.OTUS-Practice";
				PRODUCT_NAME = "$(TARGET_NAME)";
				SWIFT_VERSION = 5.0;
				TARGETED_DEVICE_FAMILY = "1,2";
			};
			name = Release;
		};
/* End XCBuildConfiguration section */

/* Begin XCConfigurationList section */
		2484CCB0246BCC0000C59D56 /* Build configuration list for PBXNativeTarget "OTUS-Share" */ = {
			isa = XCConfigurationList;
			buildConfigurations = (
				2484CCB1246BCC0000C59D56 /* Debug */,
				2484CCB2246BCC0000C59D56 /* Release */,
			);
			defaultConfigurationIsVisible = 0;
			defaultConfigurationName = Release;
		};
		24DF776C240E327700D80C8E /* Build configuration list for PBXProject "OTUS-Practice" */ = {
			isa = XCConfigurationList;
			buildConfigurations = (
				24DF7783240E327800D80C8E /* Debug */,
				24DF7784240E327800D80C8E /* Release */,
			);
			defaultConfigurationIsVisible = 0;
			defaultConfigurationName = Release;
		};
		24DF7785240E327800D80C8E /* Build configuration list for PBXNativeTarget "OTUS-Practice" */ = {
			isa = XCConfigurationList;
			buildConfigurations = (
				24DF7786240E327800D80C8E /* Debug */,
				24DF7787240E327800D80C8E /* Release */,
			);
			defaultConfigurationIsVisible = 0;
			defaultConfigurationName = Release;
		};
/* End XCConfigurationList section */

/* Begin XCRemoteSwiftPackageReference section */
		2484CC99246ADC1B00C59D56 /* XCRemoteSwiftPackageReference "Kingfisher" */ = {
			isa = XCRemoteSwiftPackageReference;
			repositoryURL = "https://github.com/onevcat/Kingfisher.git";
			requirement = {
				branch = master;
				kind = branch;
			};
		};
/* End XCRemoteSwiftPackageReference section */

/* Begin XCSwiftPackageProductDependency section */
		2484CC9A246ADC1B00C59D56 /* KingfisherSwiftUI */ = {
			isa = XCSwiftPackageProductDependency;
			package = 2484CC99246ADC1B00C59D56 /* XCRemoteSwiftPackageReference "Kingfisher" */;
			productName = KingfisherSwiftUI;
		};
		2498113524598A180069C553 /* ServiceLocator */ = {
			isa = XCSwiftPackageProductDependency;
			productName = ServiceLocator;
		};
/* End XCSwiftPackageProductDependency section */
	};
	rootObject = 24DF7769240E327700D80C8E /* Project object */;
}
